{
  "lockfileVersion": 1,
  "configVersion": 1,
  "workspaces": {
    "": {
      "name": "interactive-graphviz-server",
      "devDependencies": {
        "@hpcc-js/wasm-graphviz": "1.21.2",
      },
    },
  },
  "packages": {
    "@hpcc-js/wasm-graphviz": ["@hpcc-js/wasm-graphviz@1.21.2", "", {}, "sha512-UKvY3MSI1CfkOsVL6Wgg9m8S0x/28u27NgFX5UG+myTYfxU0Sl6jYKXQkcEQLZfulHKQjgHjz5/Rpw5R0CC3/g=="],
  }
}
